
Microsoft Visual Studio Solution File, Format Version 12.00
# Visual Studio Version 16
VisualStudioVersion = 16.0.31205.134
MinimumVisualStudioVersion = 10.0.40219.1
Project("{FAE04EC0-301F-11D3-BF4B-00C04F79EFBC}") = "LocalizationDataAnnotation", "LocalizationDataAnnotation\LocalizationDataAnnotation.csproj", "{640CA57C-24C9-4EB6-9737-B66EDD76006E}"
EndProject
Global
	GlobalSection(SolutionConfigurationPlatforms) = preSolution
		Debug|Any CPU = Debug|Any CPU
		Release|Any CPU = Release|Any CPU
	EndGlobalSection
	GlobalSection(ProjectConfigurationPlatforms) = postSolution
		{640CA57C-24C9-4EB6-9737-B66EDD76006E}.Debug|Any CPU.ActiveCfg = Debug|Any CPU
		{640CA57C-24C9-4EB6-9737-B66EDD76006E}.Debug|Any CPU.Build.0 = Debug|Any CPU
		{640CA57C-24C9-4EB6-9737-B66EDD76006E}.Release|Any CPU.ActiveCfg = Release|Any CPU
		{640CA57C-24C9-4EB6-9737-B66EDD76006E}.Release|Any CPU.Build.0 = Release|Any CPU
	EndGlobalSection
	GlobalSection(SolutionProperties) = preSolution
		HideSolutionNode = FALSE
	EndGlobalSection
	GlobalSection(ExtensibilityGlobals) = postSolution
		SolutionGuid = {46F6E356-4D7C-4131-AB87-E820E7FD7E50}
	EndGlobalSection
EndGlobal
